
Microsoft Visual Studio Solution File, Format Version 12.00
# Visual Studio 15
VisualStudioVersion = 15.0.28307.539
MinimumVisualStudioVersion = 10.0.40219.1
Project("{FAE04EC0-301F-11D3-BF4B-00C04F79EFBC}") = "XFTest.Android", "XFTest\XFTest.Android\XFTest.Android.csproj", "{085DE401-8DEB-4CFD-BF2D-0C78E940213B}"
EndProject
Project("{FAE04EC0-301F-11D3-BF4B-00C04F79EFBC}") = "XFTest.iOS", "XFTest\XFTest.iOS\XFTest.iOS.csproj", "{70D3E473-422B-4081-B399-FDE12F2FDAD2}"
EndProject
Project("{9A19103F-16F7-4668-BE54-9A1E7A4F7556}") = "XFTest", "XFTest\XFTest\XFTest.csproj", "{B0C52DEC-F8D9-4F1B-B57F-8C32BF9E662A}"
EndProject
Project("{FAE04EC0-301F-11D3-BF4B-00C04F79EFBC}") = "XFTest.Core", "XFTest.Core\XFTest.Core.csproj", "{96B763B9-F848-480E-B588-98EF749CC2BD}"
EndProject
Global
	GlobalSection(SolutionConfigurationPlatforms) = preSolution
		Ad-Hoc|Any CPU = Ad-Hoc|Any CPU
		Ad-Hoc|iPhone = Ad-Hoc|iPhone
		Ad-Hoc|iPhoneSimulator = Ad-Hoc|iPhoneSimulator
		AppStore|Any CPU = AppStore|Any CPU
		AppStore|iPhone = AppStore|iPhone
		AppStore|iPhoneSimulator = AppStore|iPhoneSimulator
		Debug|Any CPU = Debug|Any CPU
		Debug|iPhone = Debug|iPhone
		Debug|iPhoneSimulator = Debug|iPhoneSimulator
		Release|Any CPU = Release|Any CPU
		Release|iPhone = Release|iPhone
		Release|iPhoneSimulator = Release|iPhoneSimulator
	EndGlobalSection
	GlobalSection(ProjectConfigurationPlatforms) = postSolution
		{085DE401-8DEB-4CFD-BF2D-0C78E940213B}.Ad-Hoc|Any CPU.ActiveCfg = Release|Any CPU
		{085DE401-8DEB-4CFD-BF2D-0C78E940213B}.Ad-Hoc|Any CPU.Build.0 = Release|Any CPU
		{085DE401-8DEB-4CFD-BF2D-0C78E940213B}.Ad-Hoc|Any CPU.Deploy.0 = Release|Any CPU
		{085DE401-8DEB-4CFD-BF2D-0C78E940213B}.Ad-Hoc|iPhone.ActiveCfg = Release|Any CPU
		{085DE401-8DEB-4CFD-BF2D-0C78E940213B}.Ad-Hoc|iPhone.Build.0 = Release|Any CPU
		{085DE401-8DEB-4CFD-BF2D-0C78E940213B}.Ad-Hoc|iPhone.Deploy.0 = Release|Any CPU
		{085DE401-8DEB-4CFD-BF2D-0C78E940213B}.Ad-Hoc|iPhoneSimulator.ActiveCfg = Release|Any CPU
		{085DE401-8DEB-4CFD-BF2D-0C78E940213B}.Ad-Hoc|iPhoneSimulator.Build.0 = Release|Any CPU
		{085DE401-8DEB-4CFD-BF2D-0C78E940213B}.Ad-Hoc|iPhoneSimulator.Deploy.0 = Release|Any CPU
		{085DE401-8DEB-4CFD-BF2D-0C78E940213B}.AppStore|Any CPU.ActiveCfg = Release|Any CPU
		{085DE401-8DEB-4CFD-BF2D-0C78E940213B}.AppStore|Any CPU.Build.0 = Release|Any CPU
		{085DE401-8DEB-4CFD-BF2D-0C78E940213B}.AppStore|Any CPU.Deploy.0 = Release|Any CPU
		{085DE401-8DEB-4CFD-BF2D-0C78E940213B}.AppStore|iPhone.ActiveCfg = Release|Any CPU
		{085DE401-8DEB-4CFD-BF2D-0C78E940213B}.AppStore|iPhone.Build.0 = Release|Any CPU
		{085DE401-8DEB-4CFD-BF2D-0C78E940213B}.AppStore|iPhone.Deploy.0 = Release|Any CPU
		{085DE401-8DEB-4CFD-BF2D-0C78E940213B}.AppStore|iPhoneSimulator.ActiveCfg = Release|Any CPU
		{085DE401-8DEB-4CFD-BF2D-0C78E940213B}.AppStore|iPhoneSimulator.Build.0 = Release|Any CPU
		{085DE401-8DEB-4CFD-BF2D-0C78E940213B}.AppStore|iPhoneSimulator.Deploy.0 = Release|Any CPU
		{085DE401-8DEB-4CFD-BF2D-0C78E940213B}.Debug|Any CPU.ActiveCfg = Debug|Any CPU
		{085DE401-8DEB-4CFD-BF2D-0C78E940213B}.Debug|Any CPU.Build.0 = Debug|Any CPU
		{085DE401-8DEB-4CFD-BF2D-0C78E940213B}.Debug|Any CPU.Deploy.0 = Debug|Any CPU
		{085DE401-8DEB-4CFD-BF2D-0C78E940213B}.Debug|iPhone.ActiveCfg = Debug|Any CPU
		{085DE401-8DEB-4CFD-BF2D-0C78E940213B}.Debug|iPhone.Build.0 = Debug|Any CPU
		{085DE401-8DEB-4CFD-BF2D-0C78E940213B}.Debug|iPhone.Deploy.0 = Debug|Any CPU
		{085DE401-8DEB-4CFD-BF2D-0C78E940213B}.Debug|iPhoneSimulator.ActiveCfg = Debug|Any CPU
		{085DE401-8DEB-4CFD-BF2D-0C78E940213B}.Debug|iPhoneSimulator.Build.0 = Debug|Any CPU
		{085DE401-8DEB-4CFD-BF2D-0C78E940213B}.Debug|iPhoneSimulator.Deploy.0 = Debug|Any CPU
		{085DE401-8DEB-4CFD-BF2D-0C78E940213B}.Release|Any CPU.ActiveCfg = Release|Any CPU
		{085DE401-8DEB-4CFD-BF2D-0C78E940213B}.Release|Any CPU.Build.0 = Release|Any CPU
		{085DE401-8DEB-4CFD-BF2D-0C78E940213B}.Release|Any CPU.Deploy.0 = Release|Any CPU
		{085DE401-8DEB-4CFD-BF2D-0C78E940213B}.Release|iPhone.ActiveCfg = Release|Any CPU
		{085DE401-8DEB-4CFD-BF2D-0C78E940213B}.Release|iPhone.Build.0 = Release|Any CPU
		{085DE401-8DEB-4CFD-BF2D-0C78E940213B}.Release|iPhone.Deploy.0 = Release|Any CPU
		{085DE401-8DEB-4CFD-BF2D-0C78E940213B}.Release|iPhoneSimulator.ActiveCfg = Release|Any CPU
		{085DE401-8DEB-4CFD-BF2D-0C78E940213B}.Release|iPhoneSimulator.Build.0 = Release|Any CPU
		{085DE401-8DEB-4CFD-BF2D-0C78E940213B}.Release|iPhoneSimulator.Deploy.0 = Release|Any CPU
		{70D3E473-422B-4081-B399-FDE12F2FDAD2}.Ad-Hoc|Any CPU.ActiveCfg = Ad-Hoc|iPhone
		{70D3E473-422B-4081-B399-FDE12F2FDAD2}.Ad-Hoc|Any CPU.Build.0 = Ad-Hoc|iPhone
		{70D3E473-422B-4081-B399-FDE12F2FDAD2}.Ad-Hoc|Any CPU.Deploy.0 = Ad-Hoc|iPhone
		{70D3E473-422B-4081-B399-FDE12F2FDAD2}.Ad-Hoc|iPhone.ActiveCfg = Ad-Hoc|iPhone
		{70D3E473-422B-4081-B399-FDE12F2FDAD2}.Ad-Hoc|iPhone.Build.0 = Ad-Hoc|iPhone
		{70D3E473-422B-4081-B399-FDE12F2FDAD2}.Ad-Hoc|iPhone.Deploy.0 = Ad-Hoc|iPhone
		{70D3E473-422B-4081-B399-FDE12F2FDAD2}.Ad-Hoc|iPhoneSimulator.ActiveCfg = Ad-Hoc|iPhoneSimulator
		{70D3E473-422B-4081-B399-FDE12F2FDAD2}.Ad-Hoc|iPhoneSimulator.Build.0 = Ad-Hoc|iPhoneSimulator
		{70D3E473-422B-4081-B399-FDE12F2FDAD2}.Ad-Hoc|iPhoneSimulator.Deploy.0 = Ad-Hoc|iPhoneSimulator
		{70D3E473-422B-4081-B399-FDE12F2FDAD2}.AppStore|Any CPU.ActiveCfg = AppStore|iPhone
		{70D3E473-422B-4081-B399-FDE12F2FDAD2}.AppStore|Any CPU.Build.0 = AppStore|iPhone
		{70D3E473-422B-4081-B399-FDE12F2FDAD2}.AppStore|Any CPU.Deploy.0 = AppStore|iPhone
		{70D3E473-422B-4081-B399-FDE12F2FDAD2}.AppStore|iPhone.ActiveCfg = AppStore|iPhone
		{70D3E473-422B-4081-B399-FDE12F2FDAD2}.AppStore|iPhone.Build.0 = AppStore|iPhone
		{70D3E473-422B-4081-B399-FDE12F2FDAD2}.AppStore|iPhone.Deploy.0 = AppStore|iPhone
		{70D3E473-422B-4081-B399-FDE12F2FDAD2}.AppStore|iPhoneSimulator.ActiveCfg = AppStore|iPhoneSimulator
		{70D3E473-422B-4081-B399-FDE12F2FDAD2}.AppStore|iPhoneSimulator.Build.0 = AppStore|iPhoneSimulator
		{70D3E473-422B-4081-B399-FDE12F2FDAD2}.AppStore|iPhoneSimulator.Deploy.0 = AppStore|iPhoneSimulator
		{70D3E473-422B-4081-B399-FDE12F2FDAD2}.Debug|Any CPU.ActiveCfg = Debug|iPhoneSimulator
		{70D3E473-422B-4081-B399-FDE12F2FDAD2}.Debug|Any CPU.Build.0 = Debug|iPhoneSimulator
		{70D3E473-422B-4081-B399-FDE12F2FDAD2}.Debug|Any CPU.Deploy.0 = Debug|iPhoneSimulator
		{70D3E473-422B-4081-B399-FDE12F2FDAD2}.Debug|iPhone.ActiveCfg = Debug|iPhone
		{70D3E473-422B-4081-B399-FDE12F2FDAD2}.Debug|iPhone.Build.0 = Debug|iPhone
		{70D3E473-422B-4081-B399-FDE12F2FDAD2}.Debug|iPhone.Deploy.0 = Debug|iPhone
		{70D3E473-422B-4081-B399-FDE12F2FDAD2}.Debug|iPhoneSimulator.ActiveCfg = Debug|iPhoneSimulator
		{70D3E473-422B-4081-B399-FDE12F2FDAD2}.Debug|iPhoneSimulator.Build.0 = Debug|iPhoneSimulator
		{70D3E473-422B-4081-B399-FDE12F2FDAD2}.Debug|iPhoneSimulator.Deploy.0 = Debug|iPhoneSimulator
		{70D3E473-422B-4081-B399-FDE12F2FDAD2}.Release|Any CPU.ActiveCfg = Release|iPhone
		{70D3E473-422B-4081-B399-FDE12F2FDAD2}.Release|Any CPU.Build.0 = Release|iPhone
		{70D3E473-422B-4081-B399-FDE12F2FDAD2}.Release|Any CPU.Deploy.0 = Release|iPhone
		{70D3E473-422B-4081-B399-FDE12F2FDAD2}.Release|iPhone.ActiveCfg = Release|iPhone
		{70D3E473-422B-4081-B399-FDE12F2FDAD2}.Release|iPhone.Build.0 = Release|iPhone
		{70D3E473-422B-4081-B399-FDE12F2FDAD2}.Release|iPhone.Deploy.0 = Release|iPhone
		{70D3E473-422B-4081-B399-FDE12F2FDAD2}.Release|iPhoneSimulator.ActiveCfg = Release|iPhoneSimulator
		{70D3E473-422B-4081-B399-FDE12F2FDAD2}.Release|iPhoneSimulator.Build.0 = Release|iPhoneSimulator
		{70D3E473-422B-4081-B399-FDE12F2FDAD2}.Release|iPhoneSimulator.Deploy.0 = Release|iPhoneSimulator
		{B0C52DEC-F8D9-4F1B-B57F-8C32BF9E662A}.Ad-Hoc|Any CPU.ActiveCfg = Debug|Any CPU
		{B0C52DEC-F8D9-4F1B-B57F-8C32BF9E662A}.Ad-Hoc|Any CPU.Build.0 = Debug|Any CPU
		{B0C52DEC-F8D9-4F1B-B57F-8C32BF9E662A}.Ad-Hoc|Any CPU.Deploy.0 = Debug|Any CPU
		{B0C52DEC-F8D9-4F1B-B57F-8C32BF9E662A}.Ad-Hoc|iPhone.ActiveCfg = Debug|Any CPU
		{B0C52DEC-F8D9-4F1B-B57F-8C32BF9E662A}.Ad-Hoc|iPhone.Build.0 = Debug|Any CPU
		{B0C52DEC-F8D9-4F1B-B57F-8C32BF9E662A}.Ad-Hoc|iPhone.Deploy.0 = Debug|Any CPU
		{B0C52DEC-F8D9-4F1B-B57F-8C32BF9E662A}.Ad-Hoc|iPhoneSimulator.ActiveCfg = Debug|Any CPU
		{B0C52DEC-F8D9-4F1B-B57F-8C32BF9E662A}.Ad-Hoc|iPhoneSimulator.Build.0 = Debug|Any CPU
		{B0C52DEC-F8D9-4F1B-B57F-8C32BF9E662A}.Ad-Hoc|iPhoneSimulator.Deploy.0 = Debug|Any CPU
		{B0C52DEC-F8D9-4F1B-B57F-8C32BF9E662A}.AppStore|Any CPU.ActiveCfg = Debug|Any CPU
		{B0C52DEC-F8D9-4F1B-B57F-8C32BF9E662A}.AppStore|Any CPU.Build.0 = Debug|Any CPU
		{B0C52DEC-F8D9-4F1B-B57F-8C32BF9E662A}.AppStore|Any CPU.Deploy.0 = Debug|Any CPU
		{B0C52DEC-F8D9-4F1B-B57F-8C32BF9E662A}.AppStore|iPhone.ActiveCfg = Debug|Any CPU
		{B0C52DEC-F8D9-4F1B-B57F-8C32BF9E662A}.AppStore|iPhone.Build.0 = Debug|Any CPU
		{B0C52DEC-F8D9-4F1B-B57F-8C32BF9E662A}.AppStore|iPhone.Deploy.0 = Debug|Any CPU
		{B0C52DEC-F8D9-4F1B-B57F-8C32BF9E662A}.AppStore|iPhoneSimulator.ActiveCfg = Debug|Any CPU
		{B0C52DEC-F8D9-4F1B-B57F-8C32BF9E662A}.AppStore|iPhoneSimulator.Build.0 = Debug|Any CPU
		{B0C52DEC-F8D9-4F1B-B57F-8C32BF9E662A}.AppStore|iPhoneSimulator.Deploy.0 = Debug|Any CPU
		{B0C52DEC-F8D9-4F1B-B57F-8C32BF9E662A}.Debug|Any CPU.ActiveCfg = Debug|Any CPU
		{B0C52DEC-F8D9-4F1B-B57F-8C32BF9E662A}.Debug|Any CPU.Build.0 = Debug|Any CPU
		{B0C52DEC-F8D9-4F1B-B57F-8C32BF9E662A}.Debug|Any CPU.Deploy.0 = Debug|Any CPU
		{B0C52DEC-F8D9-4F1B-B57F-8C32BF9E662A}.Debug|iPhone.ActiveCfg = Debug|Any CPU
		{B0C52DEC-F8D9-4F1B-B57F-8C32BF9E662A}.Debug|iPhone.Build.0 = Debug|Any CPU
		{B0C52DEC-F8D9-4F1B-B57F-8C32BF9E662A}.Debug|iPhone.Deploy.0 = Debug|Any CPU
		{B0C52DEC-F8D9-4F1B-B57F-8C32BF9E662A}.Debug|iPhoneSimulator.ActiveCfg = Debug|Any CPU
		{B0C52DEC-F8D9-4F1B-B57F-8C32BF9E662A}.Debug|iPhoneSimulator.Build.0 = Debug|Any CPU
		{B0C52DEC-F8D9-4F1B-B57F-8C32BF9E662A}.Debug|iPhoneSimulator.Deploy.0 = Debug|Any CPU
		{B0C52DEC-F8D9-4F1B-B57F-8C32BF9E662A}.Release|Any CPU.ActiveCfg = Release|Any CPU
		{B0C52DEC-F8D9-4F1B-B57F-8C32BF9E662A}.Release|Any CPU.Build.0 = Release|Any CPU
		{B0C52DEC-F8D9-4F1B-B57F-8C32BF9E662A}.Release|Any CPU.Deploy.0 = Release|Any CPU
		{B0C52DEC-F8D9-4F1B-B57F-8C32BF9E662A}.Release|iPhone.ActiveCfg = Release|Any CPU
		{B0C52DEC-F8D9-4F1B-B57F-8C32BF9E662A}.Release|iPhone.Build.0 = Release|Any CPU
		{B0C52DEC-F8D9-4F1B-B57F-8C32BF9E662A}.Release|iPhone.Deploy.0 = Release|Any CPU
		{B0C52DEC-F8D9-4F1B-B57F-8C32BF9E662A}.Release|iPhoneSimulator.ActiveCfg = Release|Any CPU
		{B0C52DEC-F8D9-4F1B-B57F-8C32BF9E662A}.Release|iPhoneSimulator.Build.0 = Release|Any CPU
		{B0C52DEC-F8D9-4F1B-B57F-8C32BF9E662A}.Release|iPhoneSimulator.Deploy.0 = Release|Any CPU
		{96B763B9-F848-480E-B588-98EF749CC2BD}.Ad-Hoc|Any CPU.ActiveCfg = Debug|Any CPU
		{96B763B9-F848-480E-B588-98EF749CC2BD}.Ad-Hoc|Any CPU.Build.0 = Debug|Any CPU
		{96B763B9-F848-480E-B588-98EF749CC2BD}.Ad-Hoc|iPhone.ActiveCfg = Debug|Any CPU
		{96B763B9-F848-480E-B588-98EF749CC2BD}.Ad-Hoc|iPhone.Build.0 = Debug|Any CPU
		{96B763B9-F848-480E-B588-98EF749CC2BD}.Ad-Hoc|iPhoneSimulator.ActiveCfg = Debug|Any CPU
		{96B763B9-F848-480E-B588-98EF749CC2BD}.Ad-Hoc|iPhoneSimulator.Build.0 = Debug|Any CPU
		{96B763B9-F848-480E-B588-98EF749CC2BD}.AppStore|Any CPU.ActiveCfg = Debug|Any CPU
		{96B763B9-F848-480E-B588-98EF749CC2BD}.AppStore|Any CPU.Build.0 = Debug|Any CPU
		{96B763B9-F848-480E-B588-98EF749CC2BD}.AppStore|iPhone.ActiveCfg = Debug|Any CPU
		{96B763B9-F848-480E-B588-98EF749CC2BD}.AppStore|iPhone.Build.0 = Debug|Any CPU
		{96B763B9-F848-480E-B588-98EF749CC2BD}.AppStore|iPhoneSimulator.ActiveCfg = Debug|Any CPU
		{96B763B9-F848-480E-B588-98EF749CC2BD}.AppStore|iPhoneSimulator.Build.0 = Debug|Any CPU
		{96B763B9-F848-480E-B588-98EF749CC2BD}.Debug|Any CPU.ActiveCfg = Debug|Any CPU
		{96B763B9-F848-480E-B588-98EF749CC2BD}.Debug|Any CPU.Build.0 = Debug|Any CPU
		{96B763B9-F848-480E-B588-98EF749CC2BD}.Debug|iPhone.ActiveCfg = Debug|Any CPU
		{96B763B9-F848-480E-B588-98EF749CC2BD}.Debug|iPhone.Build.0 = Debug|Any CPU
		{96B763B9-F848-480E-B588-98EF749CC2BD}.Debug|iPhoneSimulator.ActiveCfg = Debug|Any CPU
		{96B763B9-F848-480E-B588-98EF749CC2BD}.Debug|iPhoneSimulator.Build.0 = Debug|Any CPU
		{96B763B9-F848-480E-B588-98EF749CC2BD}.Release|Any CPU.ActiveCfg = Release|Any CPU
		{96B763B9-F848-480E-B588-98EF749CC2BD}.Release|Any CPU.Build.0 = Release|Any CPU
		{96B763B9-F848-480E-B588-98EF749CC2BD}.Release|iPhone.ActiveCfg = Release|Any CPU
		{96B763B9-F848-480E-B588-98EF749CC2BD}.Release|iPhone.Build.0 = Release|Any CPU
		{96B763B9-F848-480E-B588-98EF749CC2BD}.Release|iPhoneSimulator.ActiveCfg = Release|Any CPU
		{96B763B9-F848-480E-B588-98EF749CC2BD}.Release|iPhoneSimulator.Build.0 = Release|Any CPU
	EndGlobalSection
	GlobalSection(SolutionProperties) = preSolution
		HideSolutionNode = FALSE
	EndGlobalSection
	GlobalSection(ExtensibilityGlobals) = postSolution
		SolutionGuid = {E8616D83-688B-46CA-88D1-CB4065F71B67}
	EndGlobalSection
EndGlobal
